
Microsoft Visual Studio Solution File, Format Version 12.00
# Visual Studio Version 17
VisualStudioVersion = 17.10.35027.167
MinimumVisualStudioVersion = 10.0.40219.1
Project("{FAE04EC0-301F-11D3-BF4B-00C04F79EFBC}") = "WebApplication5", "WebApplication5\WebApplication5.csproj", "{BC0812E7-3EF1-443F-8086-60058691071C}"
EndProject
Global
	GlobalSection(SolutionConfigurationPlatforms) = preSolution
		Debug|Any CPU = Debug|Any CPU
		Release|Any CPU = Release|Any CPU
	EndGlobalSection
	GlobalSection(ProjectConfigurationPlatforms) = postSolution
		{BC0812E7-3EF1-443F-8086-60058691071C}.Debug|Any CPU.ActiveCfg = Debug|Any CPU
		{BC0812E7-3EF1-443F-8086-60058691071C}.Debug|Any CPU.Build.0 = Debug|Any CPU
		{BC0812E7-3EF1-443F-8086-60058691071C}.Release|Any CPU.ActiveCfg = Release|Any CPU
		{BC0812E7-3EF1-443F-8086-60058691071C}.Release|Any CPU.Build.0 = Release|Any CPU
	EndGlobalSection
	GlobalSection(SolutionProperties) = preSolution
		HideSolutionNode = FALSE
	EndGlobalSection
	GlobalSection(ExtensibilityGlobals) = postSolution
		SolutionGuid = {3F61D42A-59D1-4A55-AEFC-A465100CC876}
	EndGlobalSection
EndGlobal
